
Microsoft Visual Studio Solution File, Format Version 12.00
# Visual Studio Version 16
VisualStudioVersion = 25.0.1704.0
MinimumVisualStudioVersion = 10.0.40219.1
Project("{FAE04EC0-301F-11D3-BF4B-00C04F79EFBC}") = "EF7JsonColumn", "EF7JsonColumn\EF7JsonColumn.csproj", "{992F47A3-63A1-4793-8B97-95CC8D557019}"
EndProject
Global
	GlobalSection(SolutionConfigurationPlatforms) = preSolution
		Debug|Any CPU = Debug|Any CPU
		Release|Any CPU = Release|Any CPU
	EndGlobalSection
	GlobalSection(ProjectConfigurationPlatforms) = postSolution
		{992F47A3-63A1-4793-8B97-95CC8D557019}.Debug|Any CPU.ActiveCfg = Debug|Any CPU
		{992F47A3-63A1-4793-8B97-95CC8D557019}.Debug|Any CPU.Build.0 = Debug|Any CPU
		{992F47A3-63A1-4793-8B97-95CC8D557019}.Release|Any CPU.ActiveCfg = Release|Any CPU
		{992F47A3-63A1-4793-8B97-95CC8D557019}.Release|Any CPU.Build.0 = Release|Any CPU
	EndGlobalSection
	GlobalSection(SolutionProperties) = preSolution
		HideSolutionNode = FALSE
	EndGlobalSection
	GlobalSection(ExtensibilityGlobals) = postSolution
		SolutionGuid = {4AC711F1-0F77-4DAF-934B-63AD4A16CDF7}
	EndGlobalSection
EndGlobal
